
Microsoft Visual Studio Solution File, Format Version 12.00
# Visual Studio Version 17
VisualStudioVersion = 17.0.31903.59
MinimumVisualStudioVersion = 10.0.40219.1
Project("{FAE04EC0-301F-11D3-BF4B-00C04F79EFBC}") = "Core.Domain", "Core.Domain\Core.Domain.csproj", "{E0D6580A-9E50-48EB-AC8A-ED0E14B61928}"
EndProject
Project("{FAE04EC0-301F-11D3-BF4B-00C04F79EFBC}") = "Core.Application", "Core.Application\Core.Application.csproj", "{B75621C0-AB61-46BB-A00B-A23B7C402547}"
EndProject
Project("{FAE04EC0-301F-11D3-BF4B-00C04F79EFBC}") = "Infrastructure", "Infrastructure\Infrastructure.csproj", "{871BB435-C277-4EE7-8534-AAAE7C36BE7F}"
EndProject
Project("{FAE04EC0-301F-11D3-BF4B-00C04F79EFBC}") = "DesktopUI.Maui", "DesktopUI.Maui\DesktopUI.Maui.csproj", "{6BE5B41D-75A5-4595-AA78-53F23C51982F}"
EndProject
Global
	GlobalSection(SolutionConfigurationPlatforms) = preSolution
		Debug|Any CPU = Debug|Any CPU
		Debug|x64 = Debug|x64
		Debug|x86 = Debug|x86
		Release|Any CPU = Release|Any CPU
		Release|x64 = Release|x64
		Release|x86 = Release|x86
	EndGlobalSection
	GlobalSection(ProjectConfigurationPlatforms) = postSolution
		{E0D6580A-9E50-48EB-AC8A-ED0E14B61928}.Debug|Any CPU.ActiveCfg = Debug|Any CPU
		{E0D6580A-9E50-48EB-AC8A-ED0E14B61928}.Debug|Any CPU.Build.0 = Debug|Any CPU
		{E0D6580A-9E50-48EB-AC8A-ED0E14B61928}.Debug|x64.ActiveCfg = Debug|Any CPU
		{E0D6580A-9E50-48EB-AC8A-ED0E14B61928}.Debug|x64.Build.0 = Debug|Any CPU
		{E0D6580A-9E50-48EB-AC8A-ED0E14B61928}.Debug|x86.ActiveCfg = Debug|Any CPU
		{E0D6580A-9E50-48EB-AC8A-ED0E14B61928}.Debug|x86.Build.0 = Debug|Any CPU
		{E0D6580A-9E50-48EB-AC8A-ED0E14B61928}.Release|Any CPU.ActiveCfg = Release|Any CPU
		{E0D6580A-9E50-48EB-AC8A-ED0E14B61928}.Release|Any CPU.Build.0 = Release|Any CPU
		{E0D6580A-9E50-48EB-AC8A-ED0E14B61928}.Release|x64.ActiveCfg = Release|Any CPU
		{E0D6580A-9E50-48EB-AC8A-ED0E14B61928}.Release|x64.Build.0 = Release|Any CPU
		{E0D6580A-9E50-48EB-AC8A-ED0E14B61928}.Release|x86.ActiveCfg = Release|Any CPU
		{E0D6580A-9E50-48EB-AC8A-ED0E14B61928}.Release|x86.Build.0 = Release|Any CPU
		{B75621C0-AB61-46BB-A00B-A23B7C402547}.Debug|Any CPU.ActiveCfg = Debug|Any CPU
		{B75621C0-AB61-46BB-A00B-A23B7C402547}.Debug|Any CPU.Build.0 = Debug|Any CPU
		{B75621C0-AB61-46BB-A00B-A23B7C402547}.Debug|x64.ActiveCfg = Debug|Any CPU
		{B75621C0-AB61-46BB-A00B-A23B7C402547}.Debug|x64.Build.0 = Debug|Any CPU
		{B75621C0-AB61-46BB-A00B-A23B7C402547}.Debug|x86.ActiveCfg = Debug|Any CPU
		{B75621C0-AB61-46BB-A00B-A23B7C402547}.Debug|x86.Build.0 = Debug|Any CPU
		{B75621C0-AB61-46BB-A00B-A23B7C402547}.Release|Any CPU.ActiveCfg = Release|Any CPU
		{B75621C0-AB61-46BB-A00B-A23B7C402547}.Release|Any CPU.Build.0 = Release|Any CPU
		{B75621C0-AB61-46BB-A00B-A23B7C402547}.Release|x64.ActiveCfg = Release|Any CPU
		{B75621C0-AB61-46BB-A00B-A23B7C402547}.Release|x64.Build.0 = Release|Any CPU
		{B75621C0-AB61-46BB-A00B-A23B7C402547}.Release|x86.ActiveCfg = Release|Any CPU
		{B75621C0-AB61-46BB-A00B-A23B7C402547}.Release|x86.Build.0 = Release|Any CPU
		{871BB435-C277-4EE7-8534-AAAE7C36BE7F}.Debug|Any CPU.ActiveCfg = Debug|Any CPU
		{871BB435-C277-4EE7-8534-AAAE7C36BE7F}.Debug|Any CPU.Build.0 = Debug|Any CPU
		{871BB435-C277-4EE7-8534-AAAE7C36BE7F}.Debug|x64.ActiveCfg = Debug|Any CPU
		{871BB435-C277-4EE7-8534-AAAE7C36BE7F}.Debug|x64.Build.0 = Debug|Any CPU
		{871BB435-C277-4EE7-8534-AAAE7C36BE7F}.Debug|x86.ActiveCfg = Debug|Any CPU
		{871BB435-C277-4EE7-8534-AAAE7C36BE7F}.Debug|x86.Build.0 = Debug|Any CPU
		{871BB435-C277-4EE7-8534-AAAE7C36BE7F}.Release|Any CPU.ActiveCfg = Release|Any CPU
		{871BB435-C277-4EE7-8534-AAAE7C36BE7F}.Release|Any CPU.Build.0 = Release|Any CPU
		{871BB435-C277-4EE7-8534-AAAE7C36BE7F}.Release|x64.ActiveCfg = Release|Any CPU
		{871BB435-C277-4EE7-8534-AAAE7C36BE7F}.Release|x64.Build.0 = Release|Any CPU
		{871BB435-C277-4EE7-8534-AAAE7C36BE7F}.Release|x86.ActiveCfg = Release|Any CPU
		{871BB435-C277-4EE7-8534-AAAE7C36BE7F}.Release|x86.Build.0 = Release|Any CPU
		{6BE5B41D-75A5-4595-AA78-53F23C51982F}.Debug|Any CPU.ActiveCfg = Debug|Any CPU
		{6BE5B41D-75A5-4595-AA78-53F23C51982F}.Debug|Any CPU.Build.0 = Debug|Any CPU
		{6BE5B41D-75A5-4595-AA78-53F23C51982F}.Debug|x64.ActiveCfg = Debug|Any CPU
		{6BE5B41D-75A5-4595-AA78-53F23C51982F}.Debug|x64.Build.0 = Debug|Any CPU
		{6BE5B41D-75A5-4595-AA78-53F23C51982F}.Debug|x86.ActiveCfg = Debug|Any CPU
		{6BE5B41D-75A5-4595-AA78-53F23C51982F}.Debug|x86.Build.0 = Debug|Any CPU
		{6BE5B41D-75A5-4595-AA78-53F23C51982F}.Release|Any CPU.ActiveCfg = Release|Any CPU
		{6BE5B41D-75A5-4595-AA78-53F23C51982F}.Release|Any CPU.Build.0 = Release|Any CPU
		{6BE5B41D-75A5-4595-AA78-53F23C51982F}.Release|x64.ActiveCfg = Release|Any CPU
		{6BE5B41D-75A5-4595-AA78-53F23C51982F}.Release|x64.Build.0 = Release|Any CPU
		{6BE5B41D-75A5-4595-AA78-53F23C51982F}.Release|x86.ActiveCfg = Release|Any CPU
		{6BE5B41D-75A5-4595-AA78-53F23C51982F}.Release|x86.Build.0 = Release|Any CPU
	EndGlobalSection
	GlobalSection(SolutionProperties) = preSolution
		HideSolutionNode = FALSE
	EndGlobalSection
EndGlobal
